{
  "name": "jupyter-client",
  "version": "1.0.0",
  "lockfileVersion": 2,
  "requires": true,
  "packages": {
    "": {
      "name": "jupyter-client",
      "version": "1.0.0",
      "license": "MIT",
      "dependencies": {
        "@jupyterlab/services": "^6.4.4",
        "@stardazed/streams-polyfill": "^2.4.0"
      }
    },
    "node_modules/@jupyterlab/coreutils": {
      "version": "5.4.4",
      "resolved": "https://registry.npmjs.org/@jupyterlab/coreutils/-/coreutils-5.4.4.tgz",
      "integrity": "sha512-YO9fTjUaar1NZap2uQegfagW6842GnSQjvap+PtRzi4rwJd4MPmCHjIOQY17hcmp+6SBb7bgUtE+ppkEPeuAaw==",
      "dependencies": {
        "@lumino/coreutils": "^1.11.0",
        "@lumino/disposable": "^1.10.0",
        "@lumino/signaling": "^1.10.0",
        "minimist": "~1.2.0",
        "moment": "^2.24.0",
        "path-browserify": "^1.0.0",
        "url-parse": "~1.5.1"
      }
    },
    "node_modules/@jupyterlab/nbformat": {
      "version": "3.4.4",
      "resolved": "https://registry.npmjs.org/@jupyterlab/nbformat/-/nbformat-3.4.4.tgz",
      "integrity": "sha512-2f0qzuzXixCJtoCLHJ28ZBCHy9lwsMvsu0lyBtrU6DLYXDGbk7KnUAv1jEVP1yr31TdF5FwPNAJGTt+Ld9Fj8g==",
      "dependencies": {
        "@lumino/coreutils": "^1.11.0"
      }
    },
    "node_modules/@jupyterlab/observables": {
      "version": "4.4.4",
      "resolved": "https://registry.npmjs.org/@jupyterlab/observables/-/observables-4.4.4.tgz",
      "integrity": "sha512-SsYeZxhbBe3gJQqcudQBTBHsL3gukdkYbtFZ7zZPZbPgF3wVzIuwHgrSU88ozQj98ljhwBc1FPGySXQJBYm2CA==",
      "dependencies": {
        "@lumino/algorithm": "^1.9.0",
        "@lumino/coreutils": "^1.11.0",
        "@lumino/disposable": "^1.10.0",
        "@lumino/messaging": "^1.10.0",
        "@lumino/signaling": "^1.10.0"
      }
    },
    "node_modules/@jupyterlab/services": {
      "version": "6.4.4",
      "resolved": "https://registry.npmjs.org/@jupyterlab/services/-/services-6.4.4.tgz",
      "integrity": "sha512-jaLl0RoF4nVGuQheLvQeJMxXB67bTrnbKkGZGF+kLFir7x5677SHtJP5w1FOtx5z62LjxSzl9X86xkfRH0yEIA==",
      "dependencies": {
        "@jupyterlab/coreutils": "^5.4.4",
        "@jupyterlab/nbformat": "^3.4.4",
        "@jupyterlab/observables": "^4.4.4",
        "@jupyterlab/settingregistry": "^3.4.4",
        "@jupyterlab/statedb": "^3.4.4",
        "@lumino/algorithm": "^1.9.0",
        "@lumino/coreutils": "^1.11.0",
        "@lumino/disposable": "^1.10.0",
        "@lumino/polling": "^1.9.0",
        "@lumino/signaling": "^1.10.0",
        "node-fetch": "^2.6.0",
        "ws": "^7.4.6"
      }
    },
    "node_modules/@jupyterlab/settingregistry": {
      "version": "3.4.4",
      "resolved": "https://registry.npmjs.org/@jupyterlab/settingregistry/-/settingregistry-3.4.4.tgz",
      "integrity": "sha512-EAiGNB+Tm9BskmlKcWPhs6g9yRuygBm8Cr4YdPfOOvL8OO8H9TxC1C7Q6xrAr/xUPTk2Y6cOWht2NKXUzN3UqA==",
      "dependencies": {
        "@jupyterlab/statedb": "^3.4.4",
        "@lumino/commands": "^1.19.0",
        "@lumino/coreutils": "^1.11.0",
        "@lumino/disposable": "^1.10.0",
        "@lumino/signaling": "^1.10.0",
        "ajv": "^6.12.3",
        "json5": "^2.1.1"
      }
    },
    "node_modules/@jupyterlab/statedb": {
      "version": "3.4.4",
      "resolved": "https://registry.npmjs.org/@jupyterlab/statedb/-/statedb-3.4.4.tgz",
      "integrity": "sha512-zIOOHDPPO/DCFZIgusuoYus9DP6dsRRx4JIlzOBZRtW7YPxDGYvDNFlCssUpOT90/tmkB1tKk7yn8Mm0DTufRQ==",
      "dependencies": {
        "@lumino/commands": "^1.19.0",
        "@lumino/coreutils": "^1.11.0",
        "@lumino/disposable": "^1.10.0",
        "@lumino/properties": "^1.8.0",
        "@lumino/signaling": "^1.10.0"
      }
    },
    "node_modules/@lumino/algorithm": {
      "version": "1.9.1",
      "resolved": "https://registry.npmjs.org/@lumino/algorithm/-/algorithm-1.9.1.tgz",
      "integrity": "sha512-d0rj7IYRzYj6WbWSrbJbKvrfO4H0NUnXT2yjSWS/sCklpTpSp0IGmndK/X4r6gG+ev5lb5+wBg9ofUDBvoAlAw=="
    },
    "node_modules/@lumino/collections": {
      "version": "1.9.1",
      "resolved": "https://registry.npmjs.org/@lumino/collections/-/collections-1.9.1.tgz",
      "integrity": "sha512-5RaRGUY7BJ/1j173sc9DCfiVf70Z0hopRnBV8/AeAaK9bJJRAYjDhlZ9O8xTyouegh6krkOfiDyjl3pwogLrQw==",
      "dependencies": {
        "@lumino/algorithm": "^1.9.1"
      }
    },
    "node_modules/@lumino/commands": {
      "version": "1.20.0",
      "resolved": "https://registry.npmjs.org/@lumino/commands/-/commands-1.20.0.tgz",
      "integrity": "sha512-xyrzDIJ9QEbcbRAwmXrjb7A7/E5MDNbnLANKwqmFVNF+4LSnF62obdvY4On3Rify3HmfX0u16Xr9gfoWPX9wLQ==",
      "dependencies": {
        "@lumino/algorithm": "^1.9.1",
        "@lumino/coreutils": "^1.12.0",
        "@lumino/disposable": "^1.10.1",
        "@lumino/domutils": "^1.8.1",
        "@lumino/keyboard": "^1.8.1",
        "@lumino/signaling": "^1.10.1",
        "@lumino/virtualdom": "^1.14.1"
      }
    },
    "node_modules/@lumino/coreutils": {
      "version": "1.12.0",
      "resolved": "https://registry.npmjs.org/@lumino/coreutils/-/coreutils-1.12.0.tgz",
      "integrity": "sha512-DSglh4ylmLi820CNx9soJmDJCpUgymckdWeGWuN0Ash5g60oQvrQDfosVxEhzmNvtvXv45WZEqSBzDP6E5SEmQ==",
      "peerDependencies": {
        "crypto": "1.0.1"
      }
    },
    "node_modules/@lumino/disposable": {
      "version": "1.10.1",
      "resolved": "https://registry.npmjs.org/@lumino/disposable/-/disposable-1.10.1.tgz",
      "integrity": "sha512-mZQILc8sVGZC7mJNOGVmehDRO9/u3sIRdjZ+pCYjDgXKcINLd6HoPhZDquKCWiRBfHTL1B3tOHjnBhahBc2N/Q==",
      "dependencies": {
        "@lumino/algorithm": "^1.9.1",
        "@lumino/signaling": "^1.10.1"
      }
    },
    "node_modules/@lumino/domutils": {
      "version": "1.8.1",
      "resolved": "https://registry.npmjs.org/@lumino/domutils/-/domutils-1.8.1.tgz",
      "integrity": "sha512-QUVXwmDMIfcHC3yslhmyGK4HYBKaJ3xX5MTwDrjsSX7J7AZ4jwL4zfsxyF9ntdqEKraoJhLQ6BaUBY+Ur1cnYw=="
    },
    "node_modules/@lumino/keyboard": {
      "version": "1.8.1",
      "resolved": "https://registry.npmjs.org/@lumino/keyboard/-/keyboard-1.8.1.tgz",
      "integrity": "sha512-8x0y2ZQtEvOsblpI2gfTgf+gboftusP+5aukKEsgNQtzFl28RezQXEOSVd8iD3K6+Q1MaPQF0OALYP0ASqBjBg=="
    },
    "node_modules/@lumino/messaging": {
      "version": "1.10.1",
      "resolved": "https://registry.npmjs.org/@lumino/messaging/-/messaging-1.10.1.tgz",
      "integrity": "sha512-XZSdt9ih94rdeeLL0cryUw6HHD51D7TP8c+MFf+YRF6VKwOFB9RoajfQWadeqpmH+schTs3EsrFfA9KHduzC7w==",
      "dependencies": {
        "@lumino/algorithm": "^1.9.1",
        "@lumino/collections": "^1.9.1"
      }
    },
    "node_modules/@lumino/polling": {
      "version": "1.11.0",
      "resolved": "https://registry.npmjs.org/@lumino/polling/-/polling-1.11.0.tgz",
      "integrity": "sha512-wXV9OXOLjsragDeeVg1fUIq48chLgKk7/VoxlydIWqs0T7sZS59u7InMUi0od0L+7URtDUHAQ9XfWYEFVs6mvQ==",
      "dependencies": {
        "@lumino/coreutils": "^1.12.0",
        "@lumino/disposable": "^1.10.1",
        "@lumino/signaling": "^1.10.1"
      }
    },
    "node_modules/@lumino/properties": {
      "version": "1.8.1",
      "resolved": "https://registry.npmjs.org/@lumino/properties/-/properties-1.8.1.tgz",
      "integrity": "sha512-O+CCcAqP64Di32DUZ4Jqq0DtUyE5RJREN5vbkgGZGu+WauJ/RYoiLDe1ubbAeSaHk71OrS60ZBV7QyC8ZaBVsA=="
    },
    "node_modules/@lumino/signaling": {
      "version": "1.10.1",
      "resolved": "https://registry.npmjs.org/@lumino/signaling/-/signaling-1.10.1.tgz",
      "integrity": "sha512-GZVbX4cfk/ZqLwkemPD/NwqToaTL/6q7qdLpEhgkiPlaH1S5/V7fDpP7N1uFy4n3BDITId8cpYgH/Ds32Mdp3A==",
      "dependencies": {
        "@lumino/algorithm": "^1.9.1"
      }
    },
    "node_modules/@lumino/virtualdom": {
      "version": "1.14.1",
      "resolved": "https://registry.npmjs.org/@lumino/virtualdom/-/virtualdom-1.14.1.tgz",
      "integrity": "sha512-imIJd/wtRkoR1onEiG5nxPEaIrf70nn4PgD/56ri3/Lo6AJEX2CusF6iIA27GVB8yl/7CxgTHUnzzCwTFPypcA==",
      "dependencies": {
        "@lumino/algorithm": "^1.9.1"
      }
    },
    "node_modules/@stardazed/streams-polyfill": {
      "version": "2.4.0",
      "resolved": "https://registry.npmjs.org/@stardazed/streams-polyfill/-/streams-polyfill-2.4.0.tgz",
      "integrity": "sha512-W6Yg9cA8YT1b9qCQsz/2+kmKt7i/Za2Nj4QOLqdiANzpTiGy5mOyCQNyh0CVpbvXkjCBo2QxrwPvbDlP9u9k+Q=="
    },
    "node_modules/ajv": {
      "version": "6.12.6",
      "resolved": "https://registry.npmjs.org/ajv/-/ajv-6.12.6.tgz",
      "integrity": "sha512-j3fVLgvTo527anyYyJOGTYJbG+vnnQYvE0m5mmkc1TK+nxAppkCLMIL0aZ4dblVCNoGShhm+kzE4ZUykBoMg4g==",
      "dependencies": {
        "fast-deep-equal": "^3.1.1",
        "fast-json-stable-stringify": "^2.0.0",
        "json-schema-traverse": "^0.4.1",
        "uri-js": "^4.2.2"
      },
      "funding": {
        "type": "github",
        "url": "https://github.com/sponsors/epoberezkin"
      }
    },
    "node_modules/crypto": {
      "version": "1.0.1",
      "resolved": "https://registry.npmjs.org/crypto/-/crypto-1.0.1.tgz",
      "integrity": "sha512-VxBKmeNcqQdiUQUW2Tzq0t377b54N2bMtXO/qiLa+6eRRmmC4qT3D4OnTGoT/U6O9aklQ/jTwbOtRMTTY8G0Ig==",
      "deprecated": "This package is no longer supported. It's now a built-in Node module. If you've depended on crypto, you should switch to the one that's built-in.",
      "peer": true
    },
    "node_modules/fast-deep-equal": {
      "version": "3.1.3",
      "resolved": "https://registry.npmjs.org/fast-deep-equal/-/fast-deep-equal-3.1.3.tgz",
      "integrity": "sha512-f3qQ9oQy9j2AhBe/H9VC91wLmKBCCU/gDOnKNAYG5hswO7BLKj09Hc5HYNz9cGI++xlpDCIgDaitVs03ATR84Q=="
    },
    "node_modules/fast-json-stable-stringify": {
      "version": "2.1.0",
      "resolved": "https://registry.npmjs.org/fast-json-stable-stringify/-/fast-json-stable-stringify-2.1.0.tgz",
      "integrity": "sha512-lhd/wF+Lk98HZoTCtlVraHtfh5XYijIjalXck7saUtuanSDyLMxnHhSXEDJqHxD7msR8D0uCmqlkwjCV8xvwHw=="
    },
    "node_modules/json-schema-traverse": {
      "version": "0.4.1",
      "resolved": "https://registry.npmjs.org/json-schema-traverse/-/json-schema-traverse-0.4.1.tgz",
      "integrity": "sha512-xbbCH5dCYU5T8LcEhhuh7HJ88HXuW3qsI3Y0zOZFKfZEHcpWiHU/Jxzk629Brsab/mMiHQti9wMP+845RPe3Vg=="
    },
    "node_modules/json5": {
      "version": "2.2.1",
      "resolved": "https://registry.npmjs.org/json5/-/json5-2.2.1.tgz",
      "integrity": "sha512-1hqLFMSrGHRHxav9q9gNjJ5EXznIxGVO09xQRrwplcS8qs28pZ8s8hupZAmqDwZUmVZ2Qb2jnyPOWcDH8m8dlA==",
      "bin": {
        "json5": "lib/cli.js"
      },
      "engines": {
        "node": ">=6"
      }
    },
    "node_modules/minimist": {
      "version": "1.2.6",
      "resolved": "https://registry.npmjs.org/minimist/-/minimist-1.2.6.tgz",
      "integrity": "sha512-Jsjnk4bw3YJqYzbdyBiNsPWHPfO++UGG749Cxs6peCu5Xg4nrena6OVxOYxrQTqww0Jmwt+Ref8rggumkTLz9Q=="
    },
    "node_modules/moment": {
      "version": "2.29.4",
      "resolved": "https://registry.npmjs.org/moment/-/moment-2.29.4.tgz",
      "integrity": "sha512-5LC9SOxjSc2HF6vO2CyuTDNivEdoz2IvyJJGj6X8DJ0eFyfszE0QiEd+iXmBvUP3WHxSjFH/vIsA0EN00cgr8w==",
      "engines": {
        "node": "*"
      }
    },
    "node_modules/node-fetch": {
      "version": "2.6.7",
      "resolved": "https://registry.npmjs.org/node-fetch/-/node-fetch-2.6.7.tgz",
      "integrity": "sha512-ZjMPFEfVx5j+y2yF35Kzx5sF7kDzxuDj6ziH4FFbOp87zKDZNx8yExJIb05OGF4Nlt9IHFIMBkRl41VdvcNdbQ==",
      "dependencies": {
        "whatwg-url": "^5.0.0"
      },
      "engines": {
        "node": "4.x || >=6.0.0"
      },
      "peerDependencies": {
        "encoding": "^0.1.0"
      },
      "peerDependenciesMeta": {
        "encoding": {
          "optional": true
        }
      }
    },
    "node_modules/path-browserify": {
      "version": "1.0.1",
      "resolved": "https://registry.npmjs.org/path-browserify/-/path-browserify-1.0.1.tgz",
      "integrity": "sha512-b7uo2UCUOYZcnF/3ID0lulOJi/bafxa1xPe7ZPsammBSpjSWQkjNxlt635YGS2MiR9GjvuXCtz2emr3jbsz98g=="
    },
    "node_modules/punycode": {
      "version": "2.1.1",
      "resolved": "https://registry.npmjs.org/punycode/-/punycode-2.1.1.tgz",
      "integrity": "sha512-XRsRjdf+j5ml+y/6GKHPZbrF/8p2Yga0JPtdqTIY2Xe5ohJPD9saDJJLPvp9+NSBprVvevdXZybnj2cv8OEd0A==",
      "engines": {
        "node": ">=6"
      }
    },
    "node_modules/querystringify": {
      "version": "2.2.0",
      "resolved": "https://registry.npmjs.org/querystringify/-/querystringify-2.2.0.tgz",
      "integrity": "sha512-FIqgj2EUvTa7R50u0rGsyTftzjYmv/a3hO345bZNrqabNqjtgiDMgmo4mkUjd+nzU5oF3dClKqFIPUKybUyqoQ=="
    },
    "node_modules/requires-port": {
      "version": "1.0.0",
      "resolved": "https://registry.npmjs.org/requires-port/-/requires-port-1.0.0.tgz",
      "integrity": "sha512-KigOCHcocU3XODJxsu8i/j8T9tzT4adHiecwORRQ0ZZFcp7ahwXuRU1m+yuO90C5ZUyGeGfocHDI14M3L3yDAQ=="
    },
    "node_modules/tr46": {
      "version": "0.0.3",
      "resolved": "https://registry.npmjs.org/tr46/-/tr46-0.0.3.tgz",
      "integrity": "sha512-N3WMsuqV66lT30CrXNbEjx4GEwlow3v6rr4mCcv6prnfwhS01rkgyFdjPNBYd9br7LpXV1+Emh01fHnq2Gdgrw=="
    },
    "node_modules/uri-js": {
      "version": "4.4.1",
      "resolved": "https://registry.npmjs.org/uri-js/-/uri-js-4.4.1.tgz",
      "integrity": "sha512-7rKUyy33Q1yc98pQ1DAmLtwX109F7TIfWlW1Ydo8Wl1ii1SeHieeh0HHfPeL2fMXK6z0s8ecKs9frCuLJvndBg==",
      "dependencies": {
        "punycode": "^2.1.0"
      }
    },
    "node_modules/url-parse": {
      "version": "1.5.10",
      "resolved": "https://registry.npmjs.org/url-parse/-/url-parse-1.5.10.tgz",
      "integrity": "sha512-WypcfiRhfeUP9vvF0j6rw0J3hrWrw6iZv3+22h6iRMJ/8z1Tj6XfLP4DsUix5MhMPnXpiHDoKyoZ/bdCkwBCiQ==",
      "dependencies": {
        "querystringify": "^2.1.1",
        "requires-port": "^1.0.0"
      }
    },
    "node_modules/webidl-conversions": {
      "version": "3.0.1",
      "resolved": "https://registry.npmjs.org/webidl-conversions/-/webidl-conversions-3.0.1.tgz",
      "integrity": "sha512-2JAn3z8AR6rjK8Sm8orRC0h/bcl/DqL7tRPdGZ4I1CjdF+EaMLmYxBHyXuKL849eucPFhvBoxMsflfOb8kxaeQ=="
    },
    "node_modules/whatwg-url": {
      "version": "5.0.0",
      "resolved": "https://registry.npmjs.org/whatwg-url/-/whatwg-url-5.0.0.tgz",
      "integrity": "sha512-saE57nupxk6v3HY35+jzBwYa0rKSy0XR8JSxZPwgLr7ys0IBzhGviA1/TUGJLmSVqs8pb9AnvICXEuOHLprYTw==",
      "dependencies": {
        "tr46": "~0.0.3",
        "webidl-conversions": "^3.0.0"
      }
    },
    "node_modules/ws": {
      "version": "7.5.9",
      "resolved": "https://registry.npmjs.org/ws/-/ws-7.5.9.tgz",
      "integrity": "sha512-F+P9Jil7UiSKSkppIiD94dN07AwvFixvLIj1Og1Rl9GGMuNipJnV9JzjD6XuqmAeiswGvUmNLjr5cFuXwNS77Q==",
      "engines": {
        "node": ">=8.3.0"
      },
      "peerDependencies": {
        "bufferutil": "^4.0.1",
        "utf-8-validate": "^5.0.2"
      },
      "peerDependenciesMeta": {
        "bufferutil": {
          "optional": true
        },
        "utf-8-validate": {
          "optional": true
        }
      }
    }
  },
  "dependencies": {
    "@jupyterlab/coreutils": {
      "version": "5.4.4",
      "resolved": "https://registry.npmjs.org/@jupyterlab/coreutils/-/coreutils-5.4.4.tgz",
      "integrity": "sha512-YO9fTjUaar1NZap2uQegfagW6842GnSQjvap+PtRzi4rwJd4MPmCHjIOQY17hcmp+6SBb7bgUtE+ppkEPeuAaw==",
      "requires": {
        "@lumino/coreutils": "^1.11.0",
        "@lumino/disposable": "^1.10.0",
        "@lumino/signaling": "^1.10.0",
        "minimist": "~1.2.0",
        "moment": "^2.24.0",
        "path-browserify": "^1.0.0",
        "url-parse": "~1.5.1"
      }
    },
    "@jupyterlab/nbformat": {
      "version": "3.4.4",
      "resolved": "https://registry.npmjs.org/@jupyterlab/nbformat/-/nbformat-3.4.4.tgz",
      "integrity": "sha512-2f0qzuzXixCJtoCLHJ28ZBCHy9lwsMvsu0lyBtrU6DLYXDGbk7KnUAv1jEVP1yr31TdF5FwPNAJGTt+Ld9Fj8g==",
      "requires": {
        "@lumino/coreutils": "^1.11.0"
      }
    },
    "@jupyterlab/observables": {
      "version": "4.4.4",
      "resolved": "https://registry.npmjs.org/@jupyterlab/observables/-/observables-4.4.4.tgz",
      "integrity": "sha512-SsYeZxhbBe3gJQqcudQBTBHsL3gukdkYbtFZ7zZPZbPgF3wVzIuwHgrSU88ozQj98ljhwBc1FPGySXQJBYm2CA==",
      "requires": {
        "@lumino/algorithm": "^1.9.0",
        "@lumino/coreutils": "^1.11.0",
        "@lumino/disposable": "^1.10.0",
        "@lumino/messaging": "^1.10.0",
        "@lumino/signaling": "^1.10.0"
      }
    },
    "@jupyterlab/services": {
      "version": "6.4.4",
      "resolved": "https://registry.npmjs.org/@jupyterlab/services/-/services-6.4.4.tgz",
      "integrity": "sha512-jaLl0RoF4nVGuQheLvQeJMxXB67bTrnbKkGZGF+kLFir7x5677SHtJP5w1FOtx5z62LjxSzl9X86xkfRH0yEIA==",
      "requires": {
        "@jupyterlab/coreutils": "^5.4.4",
        "@jupyterlab/nbformat": "^3.4.4",
        "@jupyterlab/observables": "^4.4.4",
        "@jupyterlab/settingregistry": "^3.4.4",
        "@jupyterlab/statedb": "^3.4.4",
        "@lumino/algorithm": "^1.9.0",
        "@lumino/coreutils": "^1.11.0",
        "@lumino/disposable": "^1.10.0",
        "@lumino/polling": "^1.9.0",
        "@lumino/signaling": "^1.10.0",
        "node-fetch": "^2.6.0",
        "ws": "^7.4.6"
      }
    },
    "@jupyterlab/settingregistry": {
      "version": "3.4.4",
      "resolved": "https://registry.npmjs.org/@jupyterlab/settingregistry/-/settingregistry-3.4.4.tgz",
      "integrity": "sha512-EAiGNB+Tm9BskmlKcWPhs6g9yRuygBm8Cr4YdPfOOvL8OO8H9TxC1C7Q6xrAr/xUPTk2Y6cOWht2NKXUzN3UqA==",
      "requires": {
        "@jupyterlab/statedb": "^3.4.4",
        "@lumino/commands": "^1.19.0",
        "@lumino/coreutils": "^1.11.0",
        "@lumino/disposable": "^1.10.0",
        "@lumino/signaling": "^1.10.0",
        "ajv": "^6.12.3",
        "json5": "^2.1.1"
      }
    },
    "@jupyterlab/statedb": {
      "version": "3.4.4",
      "resolved": "https://registry.npmjs.org/@jupyterlab/statedb/-/statedb-3.4.4.tgz",
      "integrity": "sha512-zIOOHDPPO/DCFZIgusuoYus9DP6dsRRx4JIlzOBZRtW7YPxDGYvDNFlCssUpOT90/tmkB1tKk7yn8Mm0DTufRQ==",
      "requires": {
        "@lumino/commands": "^1.19.0",
        "@lumino/coreutils": "^1.11.0",
        "@lumino/disposable": "^1.10.0",
        "@lumino/properties": "^1.8.0",
        "@lumino/signaling": "^1.10.0"
      }
    },
    "@lumino/algorithm": {
      "version": "1.9.1",
      "resolved": "https://registry.npmjs.org/@lumino/algorithm/-/algorithm-1.9.1.tgz",
      "integrity": "sha512-d0rj7IYRzYj6WbWSrbJbKvrfO4H0NUnXT2yjSWS/sCklpTpSp0IGmndK/X4r6gG+ev5lb5+wBg9ofUDBvoAlAw=="
    },
    "@lumino/collections": {
      "version": "1.9.1",
      "resolved": "https://registry.npmjs.org/@lumino/collections/-/collections-1.9.1.tgz",
      "integrity": "sha512-5RaRGUY7BJ/1j173sc9DCfiVf70Z0hopRnBV8/AeAaK9bJJRAYjDhlZ9O8xTyouegh6krkOfiDyjl3pwogLrQw==",
      "requires": {
        "@lumino/algorithm": "^1.9.1"
      }
    },
    "@lumino/commands": {
      "version": "1.20.0",
      "resolved": "https://registry.npmjs.org/@lumino/commands/-/commands-1.20.0.tgz",
      "integrity": "sha512-xyrzDIJ9QEbcbRAwmXrjb7A7/E5MDNbnLANKwqmFVNF+4LSnF62obdvY4On3Rify3HmfX0u16Xr9gfoWPX9wLQ==",
      "requires": {
        "@lumino/algorithm": "^1.9.1",
        "@lumino/coreutils": "^1.12.0",
        "@lumino/disposable": "^1.10.1",
        "@lumino/domutils": "^1.8.1",
        "@lumino/keyboard": "^1.8.1",
        "@lumino/signaling": "^1.10.1",
        "@lumino/virtualdom": "^1.14.1"
      }
    },
    "@lumino/coreutils": {
      "version": "1.12.0",
      "resolved": "https://registry.npmjs.org/@lumino/coreutils/-/coreutils-1.12.0.tgz",
      "integrity": "sha512-DSglh4ylmLi820CNx9soJmDJCpUgymckdWeGWuN0Ash5g60oQvrQDfosVxEhzmNvtvXv45WZEqSBzDP6E5SEmQ==",
      "requires": {}
    },
    "@lumino/disposable": {
      "version": "1.10.1",
      "resolved": "https://registry.npmjs.org/@lumino/disposable/-/disposable-1.10.1.tgz",
      "integrity": "sha512-mZQILc8sVGZC7mJNOGVmehDRO9/u3sIRdjZ+pCYjDgXKcINLd6HoPhZDquKCWiRBfHTL1B3tOHjnBhahBc2N/Q==",
      "requires": {
        "@lumino/algorithm": "^1.9.1",
        "@lumino/signaling": "^1.10.1"
      }
    },
    "@lumino/domutils": {
      "version": "1.8.1",
      "resolved": "https://registry.npmjs.org/@lumino/domutils/-/domutils-1.8.1.tgz",
      "integrity": "sha512-QUVXwmDMIfcHC3yslhmyGK4HYBKaJ3xX5MTwDrjsSX7J7AZ4jwL4zfsxyF9ntdqEKraoJhLQ6BaUBY+Ur1cnYw=="
    },
    "@lumino/keyboard": {
      "version": "1.8.1",
      "resolved": "https://registry.npmjs.org/@lumino/keyboard/-/keyboard-1.8.1.tgz",
      "integrity": "sha512-8x0y2ZQtEvOsblpI2gfTgf+gboftusP+5aukKEsgNQtzFl28RezQXEOSVd8iD3K6+Q1MaPQF0OALYP0ASqBjBg=="
    },
    "@lumino/messaging": {
      "version": "1.10.1",
      "resolved": "https://registry.npmjs.org/@lumino/messaging/-/messaging-1.10.1.tgz",
      "integrity": "sha512-XZSdt9ih94rdeeLL0cryUw6HHD51D7TP8c+MFf+YRF6VKwOFB9RoajfQWadeqpmH+schTs3EsrFfA9KHduzC7w==",
      "requires": {
        "@lumino/algorithm": "^1.9.1",
        "@lumino/collections": "^1.9.1"
      }
    },
    "@lumino/polling": {
      "version": "1.11.0",
      "resolved": "https://registry.npmjs.org/@lumino/polling/-/polling-1.11.0.tgz",
      "integrity": "sha512-wXV9OXOLjsragDeeVg1fUIq48chLgKk7/VoxlydIWqs0T7sZS59u7InMUi0od0L+7URtDUHAQ9XfWYEFVs6mvQ==",
      "requires": {
        "@lumino/coreutils": "^1.12.0",
        "@lumino/disposable": "^1.10.1",
        "@lumino/signaling": "^1.10.1"
      }
    },
    "@lumino/properties": {
      "version": "1.8.1",
      "resolved": "https://registry.npmjs.org/@lumino/properties/-/properties-1.8.1.tgz",
      "integrity": "sha512-O+CCcAqP64Di32DUZ4Jqq0DtUyE5RJREN5vbkgGZGu+WauJ/RYoiLDe1ubbAeSaHk71OrS60ZBV7QyC8ZaBVsA=="
    },
    "@lumino/signaling": {
      "version": "1.10.1",
      "resolved": "https://registry.npmjs.org/@lumino/signaling/-/signaling-1.10.1.tgz",
      "integrity": "sha512-GZVbX4cfk/ZqLwkemPD/NwqToaTL/6q7qdLpEhgkiPlaH1S5/V7fDpP7N1uFy4n3BDITId8cpYgH/Ds32Mdp3A==",
      "requires": {
        "@lumino/algorithm": "^1.9.1"
      }
    },
    "@lumino/virtualdom": {
      "version": "1.14.1",
      "resolved": "https://registry.npmjs.org/@lumino/virtualdom/-/virtualdom-1.14.1.tgz",
      "integrity": "sha512-imIJd/wtRkoR1onEiG5nxPEaIrf70nn4PgD/56ri3/Lo6AJEX2CusF6iIA27GVB8yl/7CxgTHUnzzCwTFPypcA==",
      "requires": {
        "@lumino/algorithm": "^1.9.1"
      }
    },
    "@stardazed/streams-polyfill": {
      "version": "2.4.0",
      "resolved": "https://registry.npmjs.org/@stardazed/streams-polyfill/-/streams-polyfill-2.4.0.tgz",
      "integrity": "sha512-W6Yg9cA8YT1b9qCQsz/2+kmKt7i/Za2Nj4QOLqdiANzpTiGy5mOyCQNyh0CVpbvXkjCBo2QxrwPvbDlP9u9k+Q=="
    },
    "ajv": {
      "version": "6.12.6",
      "resolved": "https://registry.npmjs.org/ajv/-/ajv-6.12.6.tgz",
      "integrity": "sha512-j3fVLgvTo527anyYyJOGTYJbG+vnnQYvE0m5mmkc1TK+nxAppkCLMIL0aZ4dblVCNoGShhm+kzE4ZUykBoMg4g==",
      "requires": {
        "fast-deep-equal": "^3.1.1",
        "fast-json-stable-stringify": "^2.0.0",
        "json-schema-traverse": "^0.4.1",
        "uri-js": "^4.2.2"
      }
    },
    "crypto": {
      "version": "1.0.1",
      "resolved": "https://registry.npmjs.org/crypto/-/crypto-1.0.1.tgz",
      "integrity": "sha512-VxBKmeNcqQdiUQUW2Tzq0t377b54N2bMtXO/qiLa+6eRRmmC4qT3D4OnTGoT/U6O9aklQ/jTwbOtRMTTY8G0Ig==",
      "peer": true
    },
    "fast-deep-equal": {
      "version": "3.1.3",
      "resolved": "https://registry.npmjs.org/fast-deep-equal/-/fast-deep-equal-3.1.3.tgz",
      "integrity": "sha512-f3qQ9oQy9j2AhBe/H9VC91wLmKBCCU/gDOnKNAYG5hswO7BLKj09Hc5HYNz9cGI++xlpDCIgDaitVs03ATR84Q=="
    },
    "fast-json-stable-stringify": {
      "version": "2.1.0",
      "resolved": "https://registry.npmjs.org/fast-json-stable-stringify/-/fast-json-stable-stringify-2.1.0.tgz",
      "integrity": "sha512-lhd/wF+Lk98HZoTCtlVraHtfh5XYijIjalXck7saUtuanSDyLMxnHhSXEDJqHxD7msR8D0uCmqlkwjCV8xvwHw=="
    },
    "json-schema-traverse": {
      "version": "0.4.1",
      "resolved": "https://registry.npmjs.org/json-schema-traverse/-/json-schema-traverse-0.4.1.tgz",
      "integrity": "sha512-xbbCH5dCYU5T8LcEhhuh7HJ88HXuW3qsI3Y0zOZFKfZEHcpWiHU/Jxzk629Brsab/mMiHQti9wMP+845RPe3Vg=="
    },
    "json5": {
      "version": "2.2.1",
      "resolved": "https://registry.npmjs.org/json5/-/json5-2.2.1.tgz",
      "integrity": "sha512-1hqLFMSrGHRHxav9q9gNjJ5EXznIxGVO09xQRrwplcS8qs28pZ8s8hupZAmqDwZUmVZ2Qb2jnyPOWcDH8m8dlA=="
    },
    "minimist": {
      "version": "1.2.6",
      "resolved": "https://registry.npmjs.org/minimist/-/minimist-1.2.6.tgz",
      "integrity": "sha512-Jsjnk4bw3YJqYzbdyBiNsPWHPfO++UGG749Cxs6peCu5Xg4nrena6OVxOYxrQTqww0Jmwt+Ref8rggumkTLz9Q=="
    },
    "moment": {
      "version": "2.29.4",
      "resolved": "https://registry.npmjs.org/moment/-/moment-2.29.4.tgz",
      "integrity": "sha512-5LC9SOxjSc2HF6vO2CyuTDNivEdoz2IvyJJGj6X8DJ0eFyfszE0QiEd+iXmBvUP3WHxSjFH/vIsA0EN00cgr8w=="
    },
    "node-fetch": {
      "version": "2.6.7",
      "resolved": "https://registry.npmjs.org/node-fetch/-/node-fetch-2.6.7.tgz",
      "integrity": "sha512-ZjMPFEfVx5j+y2yF35Kzx5sF7kDzxuDj6ziH4FFbOp87zKDZNx8yExJIb05OGF4Nlt9IHFIMBkRl41VdvcNdbQ==",
      "requires": {
        "whatwg-url": "^5.0.0"
      }
    },
    "path-browserify": {
      "version": "1.0.1",
      "resolved": "https://registry.npmjs.org/path-browserify/-/path-browserify-1.0.1.tgz",
      "integrity": "sha512-b7uo2UCUOYZcnF/3ID0lulOJi/bafxa1xPe7ZPsammBSpjSWQkjNxlt635YGS2MiR9GjvuXCtz2emr3jbsz98g=="
    },
    "punycode": {
      "version": "2.1.1",
      "resolved": "https://registry.npmjs.org/punycode/-/punycode-2.1.1.tgz",
      "integrity": "sha512-XRsRjdf+j5ml+y/6GKHPZbrF/8p2Yga0JPtdqTIY2Xe5ohJPD9saDJJLPvp9+NSBprVvevdXZybnj2cv8OEd0A=="
    },
    "querystringify": {
      "version": "2.2.0",
      "resolved": "https://registry.npmjs.org/querystringify/-/querystringify-2.2.0.tgz",
      "integrity": "sha512-FIqgj2EUvTa7R50u0rGsyTftzjYmv/a3hO345bZNrqabNqjtgiDMgmo4mkUjd+nzU5oF3dClKqFIPUKybUyqoQ=="
    },
    "requires-port": {
      "version": "1.0.0",
      "resolved": "https://registry.npmjs.org/requires-port/-/requires-port-1.0.0.tgz",
      "integrity": "sha512-KigOCHcocU3XODJxsu8i/j8T9tzT4adHiecwORRQ0ZZFcp7ahwXuRU1m+yuO90C5ZUyGeGfocHDI14M3L3yDAQ=="
    },
    "tr46": {
      "version": "0.0.3",
      "resolved": "https://registry.npmjs.org/tr46/-/tr46-0.0.3.tgz",
      "integrity": "sha512-N3WMsuqV66lT30CrXNbEjx4GEwlow3v6rr4mCcv6prnfwhS01rkgyFdjPNBYd9br7LpXV1+Emh01fHnq2Gdgrw=="
    },
    "uri-js": {
      "version": "4.4.1",
      "resolved": "https://registry.npmjs.org/uri-js/-/uri-js-4.4.1.tgz",
      "integrity": "sha512-7rKUyy33Q1yc98pQ1DAmLtwX109F7TIfWlW1Ydo8Wl1ii1SeHieeh0HHfPeL2fMXK6z0s8ecKs9frCuLJvndBg==",
      "requires": {
        "punycode": "^2.1.0"
      }
    },
    "url-parse": {
      "version": "1.5.10",
      "resolved": "https://registry.npmjs.org/url-parse/-/url-parse-1.5.10.tgz",
      "integrity": "sha512-WypcfiRhfeUP9vvF0j6rw0J3hrWrw6iZv3+22h6iRMJ/8z1Tj6XfLP4DsUix5MhMPnXpiHDoKyoZ/bdCkwBCiQ==",
      "requires": {
        "querystringify": "^2.1.1",
        "requires-port": "^1.0.0"
      }
    },
    "webidl-conversions": {
      "version": "3.0.1",
      "resolved": "https://registry.npmjs.org/webidl-conversions/-/webidl-conversions-3.0.1.tgz",
      "integrity": "sha512-2JAn3z8AR6rjK8Sm8orRC0h/bcl/DqL7tRPdGZ4I1CjdF+EaMLmYxBHyXuKL849eucPFhvBoxMsflfOb8kxaeQ=="
    },
    "whatwg-url": {
      "version": "5.0.0",
      "resolved": "https://registry.npmjs.org/whatwg-url/-/whatwg-url-5.0.0.tgz",
      "integrity": "sha512-saE57nupxk6v3HY35+jzBwYa0rKSy0XR8JSxZPwgLr7ys0IBzhGviA1/TUGJLmSVqs8pb9AnvICXEuOHLprYTw==",
      "requires": {
        "tr46": "~0.0.3",
        "webidl-conversions": "^3.0.0"
      }
    },
    "ws": {
      "version": "7.5.9",
      "resolved": "https://registry.npmjs.org/ws/-/ws-7.5.9.tgz",
      "integrity": "sha512-F+P9Jil7UiSKSkppIiD94dN07AwvFixvLIj1Og1Rl9GGMuNipJnV9JzjD6XuqmAeiswGvUmNLjr5cFuXwNS77Q==",
      "requires": {}
    }
  }
}
